
Microsoft Visual Studio Solution File, Format Version 12.00
# Visual Studio Version 17
VisualStudioVersion = 17.0.31903.59
MinimumVisualStudioVersion = 10.0.40219.1
Project("{FAE04EC0-301F-11D3-BF4B-00C04F79EFBC}") = "API", "API\API.csproj", "{76FF0CDF-FC54-4125-A2C3-60295CCFE639}"
EndProject
Project("{FAE04EC0-301F-11D3-BF4B-00C04F79EFBC}") = "Application", "Application\Application.csproj", "{81B63B14-7358-4136-9A8E-A0A4442470D1}"
EndProject
Project("{FAE04EC0-301F-11D3-BF4B-00C04F79EFBC}") = "Domain", "Domain\Domain.csproj", "{8964F0AE-DF73-43DA-A0DF-793755DE9B46}"
EndProject
Project("{FAE04EC0-301F-11D3-BF4B-00C04F79EFBC}") = "Persistence", "Persistence\Persistence.csproj", "{F98417F4-9408-4CC5-806B-F45B7EC7601B}"
EndProject
Global
	GlobalSection(SolutionConfigurationPlatforms) = preSolution
		Debug|Any CPU = Debug|Any CPU
		Release|Any CPU = Release|Any CPU
	EndGlobalSection
	GlobalSection(SolutionProperties) = preSolution
		HideSolutionNode = FALSE
	EndGlobalSection
	GlobalSection(ProjectConfigurationPlatforms) = postSolution
		{76FF0CDF-FC54-4125-A2C3-60295CCFE639}.Debug|Any CPU.ActiveCfg = Debug|Any CPU
		{76FF0CDF-FC54-4125-A2C3-60295CCFE639}.Debug|Any CPU.Build.0 = Debug|Any CPU
		{76FF0CDF-FC54-4125-A2C3-60295CCFE639}.Release|Any CPU.ActiveCfg = Release|Any CPU
		{76FF0CDF-FC54-4125-A2C3-60295CCFE639}.Release|Any CPU.Build.0 = Release|Any CPU
		{81B63B14-7358-4136-9A8E-A0A4442470D1}.Debug|Any CPU.ActiveCfg = Debug|Any CPU
		{81B63B14-7358-4136-9A8E-A0A4442470D1}.Debug|Any CPU.Build.0 = Debug|Any CPU
		{81B63B14-7358-4136-9A8E-A0A4442470D1}.Release|Any CPU.ActiveCfg = Release|Any CPU
		{81B63B14-7358-4136-9A8E-A0A4442470D1}.Release|Any CPU.Build.0 = Release|Any CPU
		{8964F0AE-DF73-43DA-A0DF-793755DE9B46}.Debug|Any CPU.ActiveCfg = Debug|Any CPU
		{8964F0AE-DF73-43DA-A0DF-793755DE9B46}.Debug|Any CPU.Build.0 = Debug|Any CPU
		{8964F0AE-DF73-43DA-A0DF-793755DE9B46}.Release|Any CPU.ActiveCfg = Release|Any CPU
		{8964F0AE-DF73-43DA-A0DF-793755DE9B46}.Release|Any CPU.Build.0 = Release|Any CPU
		{F98417F4-9408-4CC5-806B-F45B7EC7601B}.Debug|Any CPU.ActiveCfg = Debug|Any CPU
		{F98417F4-9408-4CC5-806B-F45B7EC7601B}.Debug|Any CPU.Build.0 = Debug|Any CPU
		{F98417F4-9408-4CC5-806B-F45B7EC7601B}.Release|Any CPU.ActiveCfg = Release|Any CPU
		{F98417F4-9408-4CC5-806B-F45B7EC7601B}.Release|Any CPU.Build.0 = Release|Any CPU
	EndGlobalSection
EndGlobal
